
Microsoft Visual Studio Solution File, Format Version 12.00
# Visual Studio 15
VisualStudioVersion = 15.0.27004.2006
MinimumVisualStudioVersion = 10.0.40219.1
Project("{FAE04EC0-301F-11D3-BF4B-00C04F79EFBC}") = "LanguageFeatures", "LanguageFeatures\LanguageFeatures.csproj", "{06655436-0401-419E-AC7A-0AFDA2520D4B}"
EndProject
Global
	GlobalSection(SolutionConfigurationPlatforms) = preSolution
		Debug|Any CPU = Debug|Any CPU
		Release|Any CPU = Release|Any CPU
	EndGlobalSection
	GlobalSection(ProjectConfigurationPlatforms) = postSolution
		{06655436-0401-419E-AC7A-0AFDA2520D4B}.Debug|Any CPU.ActiveCfg = Debug|Any CPU
		{06655436-0401-419E-AC7A-0AFDA2520D4B}.Debug|Any CPU.Build.0 = Debug|Any CPU
		{06655436-0401-419E-AC7A-0AFDA2520D4B}.Release|Any CPU.ActiveCfg = Release|Any CPU
		{06655436-0401-419E-AC7A-0AFDA2520D4B}.Release|Any CPU.Build.0 = Release|Any CPU
	EndGlobalSection
	GlobalSection(SolutionProperties) = preSolution
		HideSolutionNode = FALSE
	EndGlobalSection
	GlobalSection(ExtensibilityGlobals) = postSolution
		SolutionGuid = {E49F603E-C61C-457A-940D-0EB192D94F8B}
	EndGlobalSection
EndGlobal
